schema: '2.0'
stages:
  data_ingestion:
    cmd: python src/data_ingestion.py
    deps:
    - path: src/data_ingestion.py
      hash: md5
      md5: 4a6d5a378fdeeb047fa3eb4cce11c3d1
      size: 2417
    params:
      params.yaml:
        data_ingestion.test_size: 0.3
    outs:
    - path: data/raw
      hash: md5
      md5: fe640ea906843a31a2e627d3ddb617b2.dir
      size: 567723
      nfiles: 2
  data_preprocessing:
    cmd: python src/data_preprocessing.py
    deps:
    - path: data/raw
      hash: md5
      md5: fe640ea906843a31a2e627d3ddb617b2.dir
      size: 567723
      nfiles: 2
    - path: src/data_preprocessing.py
      hash: md5
      md5: 6e986ed6b45a43e4a7f5e3ad605a9a2d
      size: 3168
    outs:
    - path: data/processed
      hash: md5
      md5: 99b88e7653963d26090d5b2ef23b3750.dir
      size: 457927
      nfiles: 2
  feature_engineering:
    cmd: python src/feature_engineering.py
    deps:
    - path: data/raw
      hash: md5
      md5: fe640ea906843a31a2e627d3ddb617b2.dir
      size: 567723
      nfiles: 2
    - path: src/data_preprocessing.py
      hash: md5
      md5: 6e986ed6b45a43e4a7f5e3ad605a9a2d
      size: 3168
    - path: src/feature_engineering.py
      hash: md5
      md5: 4e9e2d7794e50145f7d19f66a9030ed1
      size: 2375
    outs:
    - path: data/featured
      hash: md5
      md5: 3c4b76606c6f12d14d5047e335aae478.dir
      size: 1220905
      nfiles: 2
  model_building:
    cmd: python src/model_building.py
    deps:
    - path: data/raw
      hash: md5
      md5: fe640ea906843a31a2e627d3ddb617b2.dir
      size: 567723
      nfiles: 2
    - path: src/data_preprocessing.py
      hash: md5
      md5: 6e986ed6b45a43e4a7f5e3ad605a9a2d
      size: 3168
    - path: src/feature_engineering.py
      hash: md5
      md5: 4e9e2d7794e50145f7d19f66a9030ed1
      size: 2375
    - path: src/model_building.py
      hash: md5
      md5: ede6a4f1d6cdca7c91199e4359c0ddb7
      size: 7751
    params:
      params.yaml:
        model_building.max_iter: 1000
    outs:
    - path: model/decision_tree_model.pkl
      hash: md5
      md5: 1dc7a50e7449573834a00d7575102ba6
      size: 4940
    - path: model/logistic_regression_model.pkl
      hash: md5
      md5: a15e01bbc95378805a8643416d0ab22c
      size: 1279
    - path: model/svm_model.pkl
      hash: md5
      md5: c193230fc62e5468550c3349ea65480b
      size: 560224
    - path: model/xgboost_model.pkl
      hash: md5
      md5: 1b114d9ff819e6a46157ef4920fe596c
      size: 216304
  model_evaluation:
    cmd: python src/model_evaluation.py
    deps:
    - path: data/featured/test_featured.csv
      hash: md5
      md5: 6c20116941bb01f7768e4c116a39e787
      size: 388627
    - path: model/decision_tree_model.pkl
      hash: md5
      md5: 1dc7a50e7449573834a00d7575102ba6
      size: 4940
    - path: model/logistic_regression_model.pkl
      hash: md5
      md5: a15e01bbc95378805a8643416d0ab22c
      size: 1279
    - path: model/svm_model.pkl
      hash: md5
      md5: c193230fc62e5468550c3349ea65480b
      size: 560224
    - path: model/xgboost_model.pkl
      hash: md5
      md5: 1b114d9ff819e6a46157ef4920fe596c
      size: 216304
    - path: src/model_evaluation.py
      hash: md5
      md5: 85a66d73454057cfdf9cb81e6f5036f0
      size: 7039
    outs:
    - path: outputs/metrics_decision_tree.json
      hash: md5
      md5: 8b3ad415efdf5f1b0290a82bfb8b6fc0
      size: 150
    - path: outputs/metrics_logistic.json
      hash: md5
      md5: dd367a4b4419faffd365eef32b31a921
      size: 149
    - path: outputs/metrics_svm.json
      hash: md5
      md5: 4c25650d7e88cc4824ec5ffdc0780e14
      size: 105
    - path: outputs/metrics_xgboost.json
      hash: md5
      md5: 62cb2fd7adcc12d9347a5e90146ace30
      size: 150
  best_model:
    cmd: python src/best_model.py
    deps:
    - path: outputs/metrics_decision_tree.json
      hash: md5
      md5: 8b3ad415efdf5f1b0290a82bfb8b6fc0
      size: 150
    - path: outputs/metrics_logistic.json
      hash: md5
      md5: dd367a4b4419faffd365eef32b31a921
      size: 149
    - path: outputs/metrics_svm.json
      hash: md5
      md5: 4c25650d7e88cc4824ec5ffdc0780e14
      size: 105
    - path: outputs/metrics_xgboost.json
      hash: md5
      md5: 62cb2fd7adcc12d9347a5e90146ace30
      size: 150
    - path: src/best_model.py
      hash: md5
      md5: b1e205ff198f77a48b7f47544e907310
      size: 4526
    outs:
    - path: best_model.pkl
      hash: md5
      md5: 1b114d9ff819e6a46157ef4920fe596c
      size: 216304
  model_registration:
    cmd: python src/register_model.py
    deps:
    - path: best_model.pkl
      hash: md5
      md5: 1b114d9ff819e6a46157ef4920fe596c
      size: 216304
    - path: src/register_model.py
      hash: md5
      md5: fd552a4a5d8704ce26e3283da2775e5f
      size: 3607
    outs:
    - path: registered_model_version.txt
      hash: md5
      md5: c4ca4238a0b923820dcc509a6f75849b
      size: 1
