schema: '2.0'
stages:
  data_ingestion:
    cmd: python src/data_ingestion.py
    deps:
    - path: src/data_ingestion.py
      hash: md5
      md5: 9064c059ecb108e7bf62d787adfbe03c
      size: 2441
    params:
      params.yaml:
        data_ingestion.test_size: 0.2
    outs:
    - path: data/raw
      hash: md5
      md5: 4896005195b7f3b9e2f05de46953e3a0.dir
      size: 567723
      nfiles: 2
  data_preprocessing:
    cmd: python src/data_preprocessing.py
    deps:
    - path: data/raw
      hash: md5
      md5: 4896005195b7f3b9e2f05de46953e3a0.dir
      size: 567723
      nfiles: 2
    - path: src/data_preprocessing.py
      hash: md5
      md5: 6e986ed6b45a43e4a7f5e3ad605a9a2d
      size: 3168
    outs:
    - path: data/processed
      hash: md5
      md5: 90d528584a378b844849e27a361df18d.dir
      size: 437443
      nfiles: 2
  feature_engineering:
    cmd: python src/feature_engineering.py
    deps:
    - path: data/raw
      hash: md5
      md5: 4896005195b7f3b9e2f05de46953e3a0.dir
      size: 567723
      nfiles: 2
    - path: src/data_preprocessing.py
      hash: md5
      md5: 6e986ed6b45a43e4a7f5e3ad605a9a2d
      size: 3168
    - path: src/feature_engineering.py
      hash: md5
      md5: 4e9e2d7794e50145f7d19f66a9030ed1
      size: 2375
    outs:
    - path: data/featured
      hash: md5
      md5: 036e52ac3898d4b41154d1cd72ca3295.dir
      size: 1166013
      nfiles: 2
  model_building:
    cmd: python src/model_building.py
    deps:
    - path: data/raw
      hash: md5
      md5: 4896005195b7f3b9e2f05de46953e3a0.dir
      size: 567723
      nfiles: 2
    - path: src/data_preprocessing.py
      hash: md5
      md5: 6e986ed6b45a43e4a7f5e3ad605a9a2d
      size: 3168
    - path: src/feature_engineering.py
      hash: md5
      md5: 4e9e2d7794e50145f7d19f66a9030ed1
      size: 2375
    - path: src/model_building.py
      hash: md5
      md5: 54c01577f8071f5889e1326eea4b3102
      size: 4014
    params:
      params.yaml:
        model_building.max_iter: 10
    outs:
    - path: decision_tree_model.pkl
      hash: md5
      md5: df565e3110cad4b9cc18db6c4c889db0
      size: 19340
    - path: logistic_regression_model.pkl
      hash: md5
      md5: 4fdf8aa5b7f262b5b0c17f47aa70c8bc
      size: 1278
  model_evaluation:
    cmd: python src/model_evaluation.py
    deps:
    - path: data/raw
      hash: md5
      md5: 4896005195b7f3b9e2f05de46953e3a0.dir
      size: 567723
      nfiles: 2
    - path: src/data_preprocessing.py
      hash: md5
      md5: 6e986ed6b45a43e4a7f5e3ad605a9a2d
      size: 3168
    - path: src/feature_engineering.py
      hash: md5
      md5: 4e9e2d7794e50145f7d19f66a9030ed1
      size: 2375
    - path: src/model_building.py
      hash: md5
      md5: 54c01577f8071f5889e1326eea4b3102
      size: 4014
    - path: src/model_evaluation.py
      hash: md5
      md5: 85123f9a3b76d6e9d7b7610bc654febe
      size: 5018
    outs:
    - path: metrics.json
      hash: md5
      md5: d8136190a4e6bc0356d3c4702aa939d2
      size: 105
