schema: '2.0'
stages:
  data_ingestion:
    cmd: python src/data_ingestion.py
    deps:
    - path: src/data_ingestion.py
      hash: md5
      md5: 9064c059ecb108e7bf62d787adfbe03c
      size: 2441
    params:
      params.yaml:
        data_ingestion.test_size: 0.2
    outs:
    - path: data/raw
      hash: md5
      md5: 4896005195b7f3b9e2f05de46953e3a0.dir
      size: 567723
      nfiles: 2
  data_preprocessing:
    cmd: python src/data_preprocessing.py
    deps:
    - path: data/raw
      hash: md5
      md5: 4896005195b7f3b9e2f05de46953e3a0.dir
      size: 567723
      nfiles: 2
    - path: src/data_preprocessing.py
      hash: md5
      md5: 6e986ed6b45a43e4a7f5e3ad605a9a2d
      size: 3168
    outs:
    - path: data/processed
      hash: md5
      md5: 90d528584a378b844849e27a361df18d.dir
      size: 437443
      nfiles: 2
  feature_engineering:
    cmd: python src/feature_engineering.py
    deps:
    - path: data/raw
      hash: md5
      md5: 4896005195b7f3b9e2f05de46953e3a0.dir
      size: 567723
      nfiles: 2
    - path: src/data_preprocessing.py
      hash: md5
      md5: 6e986ed6b45a43e4a7f5e3ad605a9a2d
      size: 3168
    - path: src/feature_engineering.py
      hash: md5
      md5: 4e9e2d7794e50145f7d19f66a9030ed1
      size: 2375
    outs:
    - path: data/featured
      hash: md5
      md5: 036e52ac3898d4b41154d1cd72ca3295.dir
      size: 1166013
      nfiles: 2
  model_building:
    cmd: python src/model_building.py
    deps:
    - path: data/raw
      hash: md5
      md5: 4896005195b7f3b9e2f05de46953e3a0.dir
      size: 567723
      nfiles: 2
    - path: src/data_preprocessing.py
      hash: md5
      md5: 6e986ed6b45a43e4a7f5e3ad605a9a2d
      size: 3168
    - path: src/feature_engineering.py
      hash: md5
      md5: 4e9e2d7794e50145f7d19f66a9030ed1
      size: 2375
    - path: src/model_building.py
      hash: md5
      md5: a644e60b6fd7b4167e77adc363d850eb
      size: 3462
    params:
      params.yaml:
        model_building.max_iter: 10
    outs:
    - path: model.pkl
      hash: md5
      md5: 0b7ecfc553a4e40727ba7ad54ce434f2
      size: 19991
  model_evaluation:
    cmd: python src/model_evaluation.py
    deps:
    - path: data/raw
      hash: md5
      md5: 4896005195b7f3b9e2f05de46953e3a0.dir
      size: 567723
      nfiles: 2
    - path: src/data_preprocessing.py
      hash: md5
      md5: 6e986ed6b45a43e4a7f5e3ad605a9a2d
      size: 3168
    - path: src/feature_engineering.py
      hash: md5
      md5: 4e9e2d7794e50145f7d19f66a9030ed1
      size: 2375
    - path: src/model_building.py
      hash: md5
      md5: acf5a344073d137b4e311399c415cb8a
      size: 3070
    - path: src/model_evaluation.py
      hash: md5
      md5: afb2677125160262be9e4859a5da90ed
      size: 4384
    outs:
    - path: metrics.json
      hash: md5
      md5: 3cbc9ad92b9994da8170c434e40f07ad
      size: 151
